// !$*UTF8*$!
{
	archiveVersion = 1;
	classes = {
	};
	objectVersion = 50;
	objects = {

/* Begin PBXBuildFile section */
		AA1642F423B3CB5500154906 /* ourdog_classifier.mlmodel in Sources */ = {isa = PBXBuildFile; fileRef = AA1642F323B3CB5500154906 /* ourdog_classifier.mlmodel */; };
		AA1B538523B0A4A50052E59E /* AppDelegate.swift in Sources */ = {isa = PBXBuildFile; fileRef = AA1B538423B0A4A50052E59E /* AppDelegate.swift */; };
		AA1B538723B0A4A50052E59E /* ViewController.swift in Sources */ = {isa = PBXBuildFile; fileRef = AA1B538623B0A4A50052E59E /* ViewController.swift */; };
		AA1B538923B0A4AD0052E59E /* Assets.xcassets in Resources */ = {isa = PBXBuildFile; fileRef = AA1B538823B0A4AD0052E59E /* Assets.xcassets */; };
		AA1B538C23B0A4AD0052E59E /* Main.storyboard in Resources */ = {isa = PBXBuildFile; fileRef = AA1B538A23B0A4AD0052E59E /* Main.storyboard */; };
		AA1B539523B0A4C00052E59E /* dog_classifier.mlmodel in Sources */ = {isa = PBXBuildFile; fileRef = AA1B539423B0A4C00052E59E /* dog_classifier.mlmodel */; };
/* End PBXBuildFile section */

/* Begin PBXFileReference section */
		AA1642F323B3CB5500154906 /* ourdog_classifier.mlmodel */ = {isa = PBXFileReference; lastKnownFileType = file.mlmodel; name = ourdog_classifier.mlmodel; path = ../../../ourdogclassifier/ourdog_classifier.mlmodel; sourceTree = "<group>"; };
		AA1B538123B0A4A50052E59E /* DogFinder.app */ = {isa = PBXFileReference; explicitFileType = wrapper.application; includeInIndex = 0; path = DogFinder.app; sourceTree = BUILT_PRODUCTS_DIR; };
		AA1B538423B0A4A50052E59E /* AppDelegate.swift */ = {isa = PBXFileReference; lastKnownFileType = sourcecode.swift; path = AppDelegate.swift; sourceTree = "<group>"; };
		AA1B538623B0A4A50052E59E /* ViewController.swift */ = {isa = PBXFileReference; lastKnownFileType = sourcecode.swift; path = ViewController.swift; sourceTree = "<group>"; };
		AA1B538823B0A4AD0052E59E /* Assets.xcassets */ = {isa = PBXFileReference; lastKnownFileType = folder.assetcatalog; path = Assets.xcassets; sourceTree = "<group>"; };
		AA1B538B23B0A4AD0052E59E /* Base */ = {isa = PBXFileReference; lastKnownFileType = file.storyboard; name = Base; path = Base.lproj/Main.storyboard; sourceTree = "<group>"; };
		AA1B538D23B0A4AD0052E59E /* Info.plist */ = {isa = PBXFileReference; lastKnownFileType = text.plist.xml; path = Info.plist; sourceTree = "<group>"; };
		AA1B538E23B0A4AD0052E59E /* DogFinder.entitlements */ = {isa = PBXFileReference; lastKnownFileType = text.plist.entitlements; path = DogFinder.entitlements; sourceTree = "<group>"; };
		AA1B539423B0A4C00052E59E /* dog_classifier.mlmodel */ = {isa = PBXFileReference; lastKnownFileType = file.mlmodel; name = dog_classifier.mlmodel; path = ../../dog_classifier.mlmodel; sourceTree = "<group>"; };
/* End PBXFileReference section */

/* Begin PBXFrameworksBuildPhase section */
		AA1B537E23B0A4A50052E59E /* Frameworks */ = {
			isa = PBXFrameworksBuildPhase;
			buildActionMask = 2147483647;
			files = (
			);
			runOnlyForDeploymentPostprocessing = 0;
		};
/* End PBXFrameworksBuildPhase section */

/* Begin PBXGroup section */
		AA1B537823B0A4A50052E59E = {
			isa = PBXGroup;
			children = (
				AA1B538323B0A4A50052E59E /* DogFinder */,
				AA1B538223B0A4A50052E59E /* Products */,
			);
			sourceTree = "<group>";
		};
		AA1B538223B0A4A50052E59E /* Products */ = {
			isa = PBXGroup;
			children = (
				AA1B538123B0A4A50052E59E /* DogFinder.app */,
			);
			name = Products;
			sourceTree = "<group>";
		};
		AA1B538323B0A4A50052E59E /* DogFinder */ = {
			isa = PBXGroup;
			children = (
				AA1B538423B0A4A50052E59E /* AppDelegate.swift */,
				AA1B538623B0A4A50052E59E /* ViewController.swift */,
				AA1B539423B0A4C00052E59E /* dog_classifier.mlmodel */,
				AA1642F323B3CB5500154906 /* ourdog_classifier.mlmodel */,
				AA1B538823B0A4AD0052E59E /* Assets.xcassets */,
				AA1B538A23B0A4AD0052E59E /* Main.storyboard */,
				AA1B538D23B0A4AD0052E59E /* Info.plist */,
				AA1B538E23B0A4AD0052E59E /* DogFinder.entitlements */,
			);
			path = DogFinder;
			sourceTree = "<group>";
		};
/* End PBXGroup section */

/* Begin PBXNativeTarget section */
		AA1B538023B0A4A50052E59E /* DogFinder */ = {
			isa = PBXNativeTarget;
			buildConfigurationList = AA1B539123B0A4AD0052E59E /* Build configuration list for PBXNativeTarget "DogFinder" */;
			buildPhases = (
				AA1B537D23B0A4A50052E59E /* Sources */,
				AA1B537E23B0A4A50052E59E /* Frameworks */,
				AA1B537F23B0A4A50052E59E /* Resources */,
			);
			buildRules = (
			);
			dependencies = (
			);
			name = DogFinder;
			productName = DogFinder;
			productReference = AA1B538123B0A4A50052E59E /* DogFinder.app */;
			productType = "com.apple.product-type.application";
		};
/* End PBXNativeTarget section */

/* Begin PBXProject section */
		AA1B537923B0A4A50052E59E /* Project object */ = {
			isa = PBXProject;
			attributes = {
				LastSwiftUpdateCheck = 1010;
				LastUpgradeCheck = 1010;
				ORGANIZATIONNAME = NonameCompany;
				TargetAttributes = {
					AA1B538023B0A4A50052E59E = {
						CreatedOnToolsVersion = 10.1;
					};
				};
			};
			buildConfigurationList = AA1B537C23B0A4A50052E59E /* Build configuration list for PBXProject "DogFinder" */;
			compatibilityVersion = "Xcode 9.3";
			developmentRegion = en;
			hasScannedForEncodings = 0;
			knownRegions = (
				en,
				Base,
			);
			mainGroup = AA1B537823B0A4A50052E59E;
			productRefGroup = AA1B538223B0A4A50052E59E /* Products */;
			projectDirPath = "";
			projectRoot = "";
			targets = (
				AA1B538023B0A4A50052E59E /* DogFinder */,
			);
		};
/* End PBXProject section */

/* Begin PBXResourcesBuildPhase section */
		AA1B537F23B0A4A50052E59E /* Resources */ = {
			isa = PBXResourcesBuildPhase;
			buildActionMask = 2147483647;
			files = (
				AA1B538923B0A4AD0052E59E /* Assets.xcassets in Resources */,
				AA1B538C23B0A4AD0052E59E /* Main.storyboard in Resources */,
			);
			runOnlyForDeploymentPostprocessing = 0;
		};
/* End PBXResourcesBuildPhase section */

/* Begin PBXSourcesBuildPhase section */
		AA1B537D23B0A4A50052E59E /* Sources */ = {
			isa = PBXSourcesBuildPhase;
			buildActionMask = 2147483647;
			files = (
				AA1B538723B0A4A50052E59E /* ViewController.swift in Sources */,
				AA1642F423B3CB5500154906 /* ourdog_classifier.mlmodel in Sources */,
				AA1B539523B0A4C00052E59E /* dog_classifier.mlmodel in Sources */,
				AA1B538523B0A4A50052E59E /* AppDelegate.swift in Sources */,
			);
			runOnlyForDeploymentPostprocessing = 0;
		};
/* End PBXSourcesBuildPhase section */

/* Begin PBXVariantGroup section */
		AA1B538A23B0A4AD0052E59E /* Main.storyboard */ = {
			isa = PBXVariantGroup;
			children = (
				AA1B538B23B0A4AD0052E59E /* Base */,
			);
			name = Main.storyboard;
			sourceTree = "<group>";
		};
/* End PBXVariantGroup section */

/* Begin XCBuildConfiguration section */
		AA1B538F23B0A4AD0052E59E /* Debug */ = {
			isa = XCBuildConfiguration;
			buildSettings = {
				ALWAYS_SEARCH_USER_PATHS = NO;
				CLANG_ANALYZER_NONNULL = YES;
				CLANG_ANALYZER_NUMBER_OBJECT_CONVERSION = YES_AGGRESSIVE;
				CLANG_CXX_LANGUAGE_STANDARD = "gnu++14";
				CLANG_CXX_LIBRARY = "libc++";
				CLANG_ENABLE_MODULES = YES;
				CLANG_ENABLE_OBJC_ARC = YES;
				CLANG_ENABLE_OBJC_WEAK = YES;
				CLANG_WARN_BLOCK_CAPTURE_AUTORELEASING = YES;
				CLANG_WARN_BOOL_CONVERSION = YES;
				CLANG_WARN_COMMA = YES;
				CLANG_WARN_CONSTANT_CONVERSION = YES;
				CLANG_WARN_DEPRECATED_OBJC_IMPLEMENTATIONS = YES;
				CLANG_WARN_DIRECT_OBJC_ISA_USAGE = YES_ERROR;
				CLANG_WARN_DOCUMENTATION_COMMENTS = YES;
				CLANG_WARN_EMPTY_BODY = YES;
				CLANG_WARN_ENUM_CONVERSION = YES;
				CLANG_WARN_INFINITE_RECURSION = YES;
				CLANG_WARN_INT_CONVERSION = YES;
				CLANG_WARN_NON_LITERAL_NULL_CONVERSION = YES;
				CLANG_WARN_OBJC_IMPLICIT_RETAIN_SELF = YES;
				CLANG_WARN_OBJC_LITERAL_CONVERSION = YES;
				CLANG_WARN_OBJC_ROOT_CLASS = YES_ERROR;
				CLANG_WARN_RANGE_LOOP_ANALYSIS = YES;
				CLANG_WARN_STRICT_PROTOTYPES = YES;
				CLANG_WARN_SUSPICIOUS_MOVE = YES;
				CLANG_WARN_UNGUARDED_AVAILABILITY = YES_AGGRESSIVE;
				CLANG_WARN_UNREACHABLE_CODE = YES;
				CLANG_WARN__DUPLICATE_METHOD_MATCH = YES;
				CODE_SIGN_IDENTITY = "-";
				COPY_PHASE_STRIP = NO;
				DEBUG_INFORMATION_FORMAT = dwarf;
				ENABLE_STRICT_OBJC_MSGSEND = YES;
				ENABLE_TESTABILITY = YES;
				GCC_C_LANGUAGE_STANDARD = gnu11;
				GCC_DYNAMIC_NO_PIC = NO;
				GCC_NO_COMMON_BLOCKS = YES;
				GCC_OPTIMIZATION_LEVEL = 0;
				GCC_PREPROCESSOR_DEFINITIONS = (
					"DEBUG=1",
					"$(inherited)",
				);
				GCC_WARN_64_TO_32_BIT_CONVERSION = YES;
				GCC_WARN_ABOUT_RETURN_TYPE = YES_ERROR;
				GCC_WARN_UNDECLARED_SELECTOR = YES;
				GCC_WARN_UNINITIALIZED_AUTOS = YES_AGGRESSIVE;
				GCC_WARN_UNUSED_FUNCTION = YES;
				GCC_WARN_UNUSED_VARIABLE = YES;
				MACOSX_DEPLOYMENT_TARGET = 10.13;
				MTL_ENABLE_DEBUG_INFO = INCLUDE_SOURCE;
				MTL_FAST_MATH = YES;
				ONLY_ACTIVE_ARCH = YES;
				SDKROOT = macosx;
				SWIFT_ACTIVE_COMPILATION_CONDITIONS = DEBUG;
				SWIFT_OPTIMIZATION_LEVEL = "-Onone";
			};
			name = Debug;
		};
		AA1B539023B0A4AD0052E59E /* Release */ = {
			isa = XCBuildConfiguration;
			buildSettings = {
				ALWAYS_SEARCH_USER_PATHS = NO;
				CLANG_ANALYZER_NONNULL = YES;
				CLANG_ANALYZER_NUMBER_OBJECT_CONVERSION = YES_AGGRESSIVE;
				CLANG_CXX_LANGUAGE_STANDARD = "gnu++14";
				CLANG_CXX_LIBRARY = "libc++";
				CLANG_ENABLE_MODULES = YES;
				CLANG_ENABLE_OBJC_ARC = YES;
				CLANG_ENABLE_OBJC_WEAK = YES;
				CLANG_WARN_BLOCK_CAPTURE_AUTORELEASING = YES;
				CLANG_WARN_BOOL_CONVERSION = YES;
				CLANG_WARN_COMMA = YES;
				CLANG_WARN_CONSTANT_CONVERSION = YES;
				CLANG_WARN_DEPRECATED_OBJC_IMPLEMENTATIONS = YES;
				CLANG_WARN_DIRECT_OBJC_ISA_USAGE = YES_ERROR;
				CLANG_WARN_DOCUMENTATION_COMMENTS = YES;
				CLANG_WARN_EMPTY_BODY = YES;
				CLANG_WARN_ENUM_CONVERSION = YES;
				CLANG_WARN_INFINITE_RECURSION = YES;
				CLANG_WARN_INT_CONVERSION = YES;
				CLANG_WARN_NON_LITERAL_NULL_CONVERSION = YES;
				CLANG_WARN_OBJC_IMPLICIT_RETAIN_SELF = YES;
				CLANG_WARN_OBJC_LITERAL_CONVERSION = YES;
				CLANG_WARN_OBJC_ROOT_CLASS = YES_ERROR;
				CLANG_WARN_RANGE_LOOP_ANALYSIS = YES;
				CLANG_WARN_STRICT_PROTOTYPES = YES;
				CLANG_WARN_SUSPICIOUS_MOVE = YES;
				CLANG_WARN_UNGUARDED_AVAILABILITY = YES_AGGRESSIVE;
				CLANG_WARN_UNREACHABLE_CODE = YES;
				CLANG_WARN__DUPLICATE_METHOD_MATCH = YES;
				CODE_SIGN_IDENTITY = "-";
				COPY_PHASE_STRIP = NO;
				DEBUG_INFORMATION_FORMAT = "dwarf-with-dsym";
				ENABLE_NS_ASSERTIONS = NO;
				ENABLE_STRICT_OBJC_MSGSEND = YES;
				GCC_C_LANGUAGE_STANDARD = gnu11;
				GCC_NO_COMMON_BLOCKS = YES;
				GCC_WARN_64_TO_32_BIT_CONVERSION = YES;
				GCC_WARN_ABOUT_RETURN_TYPE = YES_ERROR;
				GCC_WARN_UNDECLARED_SELECTOR = YES;
				GCC_WARN_UNINITIALIZED_AUTOS = YES_AGGRESSIVE;
				GCC_WARN_UNUSED_FUNCTION = YES;
				GCC_WARN_UNUSED_VARIABLE = YES;
				MACOSX_DEPLOYMENT_TARGET = 10.13;
				MTL_ENABLE_DEBUG_INFO = NO;
				MTL_FAST_MATH = YES;
				SDKROOT = macosx;
				SWIFT_COMPILATION_MODE = wholemodule;
				SWIFT_OPTIMIZATION_LEVEL = "-O";
			};
			name = Release;
		};
		AA1B539223B0A4AD0052E59E /* Debug */ = {
			isa = XCBuildConfiguration;
			buildSettings = {
				ASSETCATALOG_COMPILER_APPICON_NAME = AppIcon;
				CODE_SIGN_ENTITLEMENTS = DogFinder/DogFinder.entitlements;
				CODE_SIGN_STYLE = Automatic;
				COMBINE_HIDPI_IMAGES = YES;
				INFOPLIST_FILE = DogFinder/Info.plist;
				LD_RUNPATH_SEARCH_PATHS = (
					"$(inherited)",
					"@executable_path/../Frameworks",
				);
				PRODUCT_BUNDLE_IDENTIFIER = com.nonamecompany.DogFinder;
				PRODUCT_NAME = "$(TARGET_NAME)";
				SWIFT_VERSION = 4.2;
			};
			name = Debug;
		};
		AA1B539323B0A4AD0052E59E /* Release */ = {
			isa = XCBuildConfiguration;
			buildSettings = {
				ASSETCATALOG_COMPILER_APPICON_NAME = AppIcon;
				CODE_SIGN_ENTITLEMENTS = DogFinder/DogFinder.entitlements;
				CODE_SIGN_STYLE = Automatic;
				COMBINE_HIDPI_IMAGES = YES;
				INFOPLIST_FILE = DogFinder/Info.plist;
				LD_RUNPATH_SEARCH_PATHS = (
					"$(inherited)",
					"@executable_path/../Frameworks",
				);
				PRODUCT_BUNDLE_IDENTIFIER = com.nonamecompany.DogFinder;
				PRODUCT_NAME = "$(TARGET_NAME)";
				SWIFT_VERSION = 4.2;
			};
			name = Release;
		};
/* End XCBuildConfiguration section */

/* Begin XCConfigurationList section */
		AA1B537C23B0A4A50052E59E /* Build configuration list for PBXProject "DogFinder" */ = {
			isa = XCConfigurationList;
			buildConfigurations = (
				AA1B538F23B0A4AD0052E59E /* Debug */,
				AA1B539023B0A4AD0052E59E /* Release */,
			);
			defaultConfigurationIsVisible = 0;
			defaultConfigurationName = Release;
		};
		AA1B539123B0A4AD0052E59E /* Build configuration list for PBXNativeTarget "DogFinder" */ = {
			isa = XCConfigurationList;
			buildConfigurations = (
				AA1B539223B0A4AD0052E59E /* Debug */,
				AA1B539323B0A4AD0052E59E /* Release */,
			);
			defaultConfigurationIsVisible = 0;
			defaultConfigurationName = Release;
		};
/* End XCConfigurationList section */
	};
	rootObject = AA1B537923B0A4A50052E59E /* Project object */;
}
